# THIS IS AN AUTOGENERATED FILE. DO NOT EDIT THIS FILE DIRECTLY.
# yarn lockfile v1


"@babel/runtime@^7.10.2":
  version "7.12.5"
  resolved "https://registry.yarnpkg.com/@babel/runtime/-/runtime-7.12.5.tgz#410e7e487441e1b360c29be715d870d9b985882e"
  integrity sha512-plcc+hbExy3McchJCEQG3knOsuh3HH+Prx1P6cLIkET/0dLuQDEnrT+s27Axgc9bqfsmNUNHfscgMUdBpC9xfg==
  dependencies:
    regenerator-runtime "^0.13.4"

"@batkor/code-lang@https://github.com/batkor/editorjs-code-lang.git#1.0.3":
  version "1.0.3"
  resolved "https://github.com/batkor/editorjs-code-lang.git#dd783585724af33446c450c40797a7d2812a667b"

"@batkor/editorjs-dimage@https://github.com/batkor/editorjs-dimage.git#1.0.11":
  version "1.0.1"
  resolved "https://github.com/batkor/editorjs-dimage.git#803a138e36ab1a104c54602f49292b2922ca7bf5"

"@batkor/editorjs-media-image@https://github.com/batkor/editorjs-media-image.git#1.0.5":
  version "1.4.0"
  resolved "https://github.com/batkor/editorjs-media-image.git#0ba797b186905747980cd84040c8f688b691304c"

"@codexteam/icons@^0.0.4":
  version "0.0.4"
  resolved "https://registry.yarnpkg.com/@codexteam/icons/-/icons-0.0.4.tgz#8b72dcd3f3a1b0d880bdceb2abebd74b46d3ae13"
  integrity sha512-V8N/TY2TGyas4wLrPIFq7bcow68b3gu8DfDt1+rrHPtXxcexadKauRJL6eQgfG7Z0LCrN4boLRawR4S9gjIh/Q==

"@codexteam/icons@^0.0.5":
  version "0.0.5"
  resolved "https://registry.yarnpkg.com/@codexteam/icons/-/icons-0.0.5.tgz#d17f39b6a0497c6439f57dd42711817a3dd3679c"
  integrity sha512-s6H2KXhLz2rgbMZSkRm8dsMJvyUNZsEjxobBEg9ztdrb1B2H3pEzY6iTwI4XUPJWJ3c3qRKwV4TrO3J5jUdoQA==

"@editorjs/checklist@^1.3.0":
  version "1.3.0"
  resolved "https://registry.yarnpkg.com/@editorjs/checklist/-/checklist-1.3.0.tgz#98c08f0c6a8b62a2b1a0f181604c1a8c8edc15b1"
  integrity sha512-087oW0oOIE5HX8llj4Eap/reFDFw8VCLlp6GU0E9GEp7f3zy2aV6KdFR+6dbYhZ50w7tSnkMpCAcSq1NXJeB4Q==

"@editorjs/code@^2.6.0":
  version "2.6.0"
  resolved "https://registry.yarnpkg.com/@editorjs/code/-/code-2.6.0.tgz#402df60d788e211894fde755c5435ba26cc075da"
  integrity sha512-vJL8EebHQ6cNT1iPmlAtQN5gIy5gAPyElwJDVwOOgczZGR0vstCjwLP9YY2ThsHMv1dwiUXO0JsRqw9m5W7GDw==

"@editorjs/delimiter@^1.2.0":
  version "1.2.0"
  resolved "https://registry.yarnpkg.com/@editorjs/delimiter/-/delimiter-1.2.0.tgz#5075f1a3e68765cfb6aec8694b316d81e2b41607"
  integrity sha512-GKsCFPk85vH5FuCuVQ48NTLc9hk0T3DsBH9zABaicTYIJayFcUa8N4/Y+L3i4tduzDqqyvoxkv+5n43GmC5gEA==

"@editorjs/editorjs@^2.19":
  version "2.29.0"
  resolved "https://registry.yarnpkg.com/@editorjs/editorjs/-/editorjs-2.29.0.tgz#1c9846af19b2afab62a6bb3a815641721c0587f1"
  integrity sha512-w2BVboSHokMBd/cAOZn0UU328o3gSZ8XUvFPA2e9+ciIGKILiRSPB70kkNdmhHkuNS3q2px+vdaIFaywBl7wGA==

"@editorjs/header@^2.6":
  version "2.8.1"
  resolved "https://registry.yarnpkg.com/@editorjs/header/-/header-2.8.1.tgz#ba16f43aaf461aa920c3594bdf0d854c4b5119b9"
  integrity sha512-y0HVXRP7m2W617CWo3fsb5HhXmSLaRpb9GzFx0Vkp/HEm9Dz5YO1s8tC7R8JD3MskwoYh7V0hRFQt39io/r6hA==
  dependencies:
    "@codexteam/icons" "^0.0.5"

"@editorjs/inline-code@^1.3.1":
  version "1.3.1"
  resolved "https://registry.yarnpkg.com/@editorjs/inline-code/-/inline-code-1.3.1.tgz#4890e30d00dcaeacafbcb30459309dfd740b0d4b"
  integrity sha512-iY6DeRmJo2Jl6sB2S9QEA9OoSp+KCHBztoY2fjPeiBcKCOKX8we5H3JQJTLxT0L/N8uJqCUiiPKgG6xvqaCn+g==

"@editorjs/link@^2.3":
  version "2.6.2"
  resolved "https://registry.yarnpkg.com/@editorjs/link/-/link-2.6.2.tgz#d9c17e01ecc3518ae4be61e0a024f7f225e09e5a"
  integrity sha512-3cPx6M4ZvwDDvsi0E0fvMR3rvveAV/C0GRo1JLeZJ9cG9QgyoNolj4eu5Eqx3/r1XTC/he54qYEIZ/Dc4Lr4Ow==
  dependencies:
    "@babel/runtime" "^7.10.2"
    "@codexteam/icons" "^0.0.4"

"@editorjs/list@^1.6":
  version "1.9.0"
  resolved "https://registry.yarnpkg.com/@editorjs/list/-/list-1.9.0.tgz#5242095d0cee38671d852b02aa02293f54400f2c"
  integrity sha512-BQEvZW4vi0O0dBvGNljiKxiE89vMSHoM2Tu2OzKUndoj7pY9AxqpgCh1qvwIVsJAlG4Lbt/vBFQilnoStMmI6A==
  dependencies:
    "@codexteam/icons" "^0.0.4"

"@editorjs/table@^1.3.0":
  version "1.3.0"
  resolved "https://registry.yarnpkg.com/@editorjs/table/-/table-1.3.0.tgz#d203352135c86909df8bdb5a6c323a5c5041600d"
  integrity sha512-3/gr7IkjsYuECndCpcBSKzZQHos7C9QU1ach8avyVbXB3VLAa1RyGjgocu0Ct4d02HdxirrYZ7+vP1Na+s04GQ==

clipboard@^2.0.0:
  version "2.0.6"
  resolved "https://registry.yarnpkg.com/clipboard/-/clipboard-2.0.6.tgz#52921296eec0fdf77ead1749421b21c968647376"
  integrity sha512-g5zbiixBRk/wyKakSwCKd7vQXDjFnAMGHoEyBogG/bw9kTD9GvdAvaoRR1ALcEzt3pVKxZR0pViekPMIS0QyGg==
  dependencies:
    good-listener "^1.2.2"
    select "^1.1.2"
    tiny-emitter "^2.0.0"

delegate@^3.1.2:
  version "3.2.0"
  resolved "https://registry.yarnpkg.com/delegate/-/delegate-3.2.0.tgz#b66b71c3158522e8ab5744f720d8ca0c2af59166"
  integrity sha512-IofjkYBZaZivn0V8nnsMJGBr4jVLxHDheKSW88PyxS5QC4Vo9ZbZVvhzlSxY87fVq3STR6r+4cGepyHkcWOQSw==

good-listener@^1.2.2:
  version "1.2.2"
  resolved "https://registry.yarnpkg.com/good-listener/-/good-listener-1.2.2.tgz#d53b30cdf9313dffb7dc9a0d477096aa6d145c50"
  integrity sha1-1TswzfkxPf+33JoNR3CWqm0UXFA=
  dependencies:
    delegate "^3.1.2"

prismjs@^1.23.0:
  version "1.23.0"
  resolved "https://registry.yarnpkg.com/prismjs/-/prismjs-1.23.0.tgz#d3b3967f7d72440690497652a9d40ff046067f33"
  integrity sha512-c29LVsqOaLbBHuIbsTxaKENh1N2EQBOHaWv7gkHN4dgRbxSREqDnDbtFJYdpPauS4YCplMSNCABQ6Eeor69bAA==
  optionalDependencies:
    clipboard "^2.0.0"

regenerator-runtime@^0.13.4:
  version "0.13.7"
  resolved "https://registry.yarnpkg.com/regenerator-runtime/-/regenerator-runtime-0.13.7.tgz#cac2dacc8a1ea675feaabaeb8ae833898ae46f55"
  integrity sha512-a54FxoJDIr27pgf7IgeQGxmqUNYrcV338lf/6gH456HZ/PhX+5BcwHXG9ajESmwe6WRO0tAzRUrRmNONWgkrew==

select@^1.1.2:
  version "1.1.2"
  resolved "https://registry.yarnpkg.com/select/-/select-1.1.2.tgz#0e7350acdec80b1108528786ec1d4418d11b396d"
  integrity sha1-DnNQrN7ICxEIUoeG7B1EGNEbOW0=

tiny-emitter@^2.0.0:
  version "2.1.0"
  resolved "https://registry.yarnpkg.com/tiny-emitter/-/tiny-emitter-2.1.0.tgz#1d1a56edfc51c43e863cbb5382a72330e3555423"
  integrity sha512-NB6Dk1A9xgQPMoGqC5CVXn123gWyte215ONT5Pp5a0yt4nlEoO1ZWeCwpncaekPHXO60i47ihFnZPiRPjRMq4Q==
